
Microsoft Visual Studio Solution File, Format Version 12.00
# Visual Studio Version 17
VisualStudioVersion = 17.0.31903.59
MinimumVisualStudioVersion = 10.0.40219.1
Project("{2150E333-8FDC-42A3-9474-1A3956D46DE8}") = "backend", "backend", "{1AE8ACA6-933B-BF2A-3671-3E2EAC007D16}"
EndProject
Project("{2150E333-8FDC-42A3-9474-1A3956D46DE8}") = "API", "API", "{F5770A5D-1764-CA48-906B-8D098984A6C2}"
EndProject
Project("{FAE04EC0-301F-11D3-BF4B-00C04F79EFBC}") = "PropertyPlatform.API", "backend\API\PropertyPlatform.API.csproj", "{FF5D17BA-63B3-4A2D-BC3F-42B155F2F438}"
EndProject
Project("{2150E333-8FDC-42A3-9474-1A3956D46DE8}") = "Core", "Core", "{E7B56692-2A07-7CC2-44BD-771EBB36F70B}"
EndProject
Project("{FAE04EC0-301F-11D3-BF4B-00C04F79EFBC}") = "PropertyPlatform.Core", "backend\Core\PropertyPlatform.Core.csproj", "{BC149F1D-B8F0-481D-9874-BA0A0BD1B8FC}"
EndProject
Project("{2150E333-8FDC-42A3-9474-1A3956D46DE8}") = "Infrastructure", "Infrastructure", "{8D1106A4-B260-37DC-E636-64C7E8341F7E}"
EndProject
Project("{FAE04EC0-301F-11D3-BF4B-00C04F79EFBC}") = "PropertyPlatform.Infrastructure", "backend\Infrastructure\PropertyPlatform.Infrastructure.csproj", "{49D62D59-EC54-43EE-94BC-4B8315D54659}"
EndProject
Project("{2150E333-8FDC-42A3-9474-1A3956D46DE8}") = "frontend", "frontend", "{B2F1FAB9-C3ED-4481-AC42-8B7F6A991E29}"
EndProject
Project("{FAE04EC0-301F-11D3-BF4B-00C04F79EFBC}") = "PropertyPlatform.Frontend", "frontend\PropertyPlatform.Frontend.csproj", "{A6E7E489-352C-4D08-8B0B-A1817A6B59E2}"
EndProject
Global
	GlobalSection(SolutionConfigurationPlatforms) = preSolution
		Debug|Any CPU = Debug|Any CPU
		Debug|x64 = Debug|x64
		Debug|x86 = Debug|x86
		Release|Any CPU = Release|Any CPU
		Release|x64 = Release|x64
		Release|x86 = Release|x86
	EndGlobalSection
	GlobalSection(ProjectConfigurationPlatforms) = postSolution
		{FF5D17BA-63B3-4A2D-BC3F-42B155F2F438}.Debug|Any CPU.ActiveCfg = Debug|Any CPU
		{FF5D17BA-63B3-4A2D-BC3F-42B155F2F438}.Debug|Any CPU.Build.0 = Debug|Any CPU
		{FF5D17BA-63B3-4A2D-BC3F-42B155F2F438}.Debug|x64.ActiveCfg = Debug|Any CPU
		{FF5D17BA-63B3-4A2D-BC3F-42B155F2F438}.Debug|x64.Build.0 = Debug|Any CPU
		{FF5D17BA-63B3-4A2D-BC3F-42B155F2F438}.Debug|x86.ActiveCfg = Debug|Any CPU
		{FF5D17BA-63B3-4A2D-BC3F-42B155F2F438}.Debug|x86.Build.0 = Debug|Any CPU
		{FF5D17BA-63B3-4A2D-BC3F-42B155F2F438}.Release|Any CPU.ActiveCfg = Release|Any CPU
		{FF5D17BA-63B3-4A2D-BC3F-42B155F2F438}.Release|Any CPU.Build.0 = Release|Any CPU
		{FF5D17BA-63B3-4A2D-BC3F-42B155F2F438}.Release|x64.ActiveCfg = Release|Any CPU
		{FF5D17BA-63B3-4A2D-BC3F-42B155F2F438}.Release|x64.Build.0 = Release|Any CPU
		{FF5D17BA-63B3-4A2D-BC3F-42B155F2F438}.Release|x86.ActiveCfg = Release|Any CPU
		{FF5D17BA-63B3-4A2D-BC3F-42B155F2F438}.Release|x86.Build.0 = Release|Any CPU
		{BC149F1D-B8F0-481D-9874-BA0A0BD1B8FC}.Debug|Any CPU.ActiveCfg = Debug|Any CPU
		{BC149F1D-B8F0-481D-9874-BA0A0BD1B8FC}.Debug|Any CPU.Build.0 = Debug|Any CPU
		{BC149F1D-B8F0-481D-9874-BA0A0BD1B8FC}.Debug|x64.ActiveCfg = Debug|Any CPU
		{BC149F1D-B8F0-481D-9874-BA0A0BD1B8FC}.Debug|x64.Build.0 = Debug|Any CPU
		{BC149F1D-B8F0-481D-9874-BA0A0BD1B8FC}.Debug|x86.ActiveCfg = Debug|Any CPU
		{BC149F1D-B8F0-481D-9874-BA0A0BD1B8FC}.Debug|x86.Build.0 = Debug|Any CPU
		{BC149F1D-B8F0-481D-9874-BA0A0BD1B8FC}.Release|Any CPU.ActiveCfg = Release|Any CPU
		{BC149F1D-B8F0-481D-9874-BA0A0BD1B8FC}.Release|Any CPU.Build.0 = Release|Any CPU
		{BC149F1D-B8F0-481D-9874-BA0A0BD1B8FC}.Release|x64.ActiveCfg = Release|Any CPU
		{BC149F1D-B8F0-481D-9874-BA0A0BD1B8FC}.Release|x64.Build.0 = Release|Any CPU
		{BC149F1D-B8F0-481D-9874-BA0A0BD1B8FC}.Release|x86.ActiveCfg = Release|Any CPU
		{BC149F1D-B8F0-481D-9874-BA0A0BD1B8FC}.Release|x86.Build.0 = Release|Any CPU
		{49D62D59-EC54-43EE-94BC-4B8315D54659}.Debug|Any CPU.ActiveCfg = Debug|Any CPU
		{49D62D59-EC54-43EE-94BC-4B8315D54659}.Debug|Any CPU.Build.0 = Debug|Any CPU
		{49D62D59-EC54-43EE-94BC-4B8315D54659}.Debug|x64.ActiveCfg = Debug|Any CPU
		{49D62D59-EC54-43EE-94BC-4B8315D54659}.Debug|x64.Build.0 = Debug|Any CPU
		{49D62D59-EC54-43EE-94BC-4B8315D54659}.Debug|x86.ActiveCfg = Debug|Any CPU
		{49D62D59-EC54-43EE-94BC-4B8315D54659}.Debug|x86.Build.0 = Debug|Any CPU
		{49D62D59-EC54-43EE-94BC-4B8315D54659}.Release|Any CPU.ActiveCfg = Release|Any CPU
		{49D62D59-EC54-43EE-94BC-4B8315D54659}.Release|Any CPU.Build.0 = Release|Any CPU
		{49D62D59-EC54-43EE-94BC-4B8315D54659}.Release|x64.ActiveCfg = Release|Any CPU
		{49D62D59-EC54-43EE-94BC-4B8315D54659}.Release|x64.Build.0 = Release|Any CPU
		{49D62D59-EC54-43EE-94BC-4B8315D54659}.Release|x86.ActiveCfg = Release|Any CPU
		{49D62D59-EC54-43EE-94BC-4B8315D54659}.Release|x86.Build.0 = Release|Any CPU
		{A6E7E489-352C-4D08-8B0B-A1817A6B59E2}.Debug|Any CPU.ActiveCfg = Debug|Any CPU
		{A6E7E489-352C-4D08-8B0B-A1817A6B59E2}.Debug|Any CPU.Build.0 = Debug|Any CPU
		{A6E7E489-352C-4D08-8B0B-A1817A6B59E2}.Debug|x64.ActiveCfg = Debug|Any CPU
		{A6E7E489-352C-4D08-8B0B-A1817A6B59E2}.Debug|x64.Build.0 = Debug|Any CPU
		{A6E7E489-352C-4D08-8B0B-A1817A6B59E2}.Debug|x86.ActiveCfg = Debug|Any CPU
		{A6E7E489-352C-4D08-8B0B-A1817A6B59E2}.Debug|x86.Build.0 = Debug|Any CPU
		{A6E7E489-352C-4D08-8B0B-A1817A6B59E2}.Release|Any CPU.ActiveCfg = Release|Any CPU
		{A6E7E489-352C-4D08-8B0B-A1817A6B59E2}.Release|Any CPU.Build.0 = Release|Any CPU
		{A6E7E489-352C-4D08-8B0B-A1817A6B59E2}.Release|x64.ActiveCfg = Release|Any CPU
		{A6E7E489-352C-4D08-8B0B-A1817A6B59E2}.Release|x64.Build.0 = Release|Any CPU
		{A6E7E489-352C-4D08-8B0B-A1817A6B59E2}.Release|x86.ActiveCfg = Release|Any CPU
		{A6E7E489-352C-4D08-8B0B-A1817A6B59E2}.Release|x86.Build.0 = Release|Any CPU
	EndGlobalSection
	GlobalSection(SolutionProperties) = preSolution
		HideSolutionNode = FALSE
	EndGlobalSection
	GlobalSection(NestedProjects) = preSolution
		{F5770A5D-1764-CA48-906B-8D098984A6C2} = {1AE8ACA6-933B-BF2A-3671-3E2EAC007D16}
		{FF5D17BA-63B3-4A2D-BC3F-42B155F2F438} = {F5770A5D-1764-CA48-906B-8D098984A6C2}
		{E7B56692-2A07-7CC2-44BD-771EBB36F70B} = {1AE8ACA6-933B-BF2A-3671-3E2EAC007D16}
		{BC149F1D-B8F0-481D-9874-BA0A0BD1B8FC} = {E7B56692-2A07-7CC2-44BD-771EBB36F70B}
		{8D1106A4-B260-37DC-E636-64C7E8341F7E} = {1AE8ACA6-933B-BF2A-3671-3E2EAC007D16}
		{49D62D59-EC54-43EE-94BC-4B8315D54659} = {8D1106A4-B260-37DC-E636-64C7E8341F7E}
		{B2F1FAB9-C3ED-4481-AC42-8B7F6A991E29} = {1AE8ACA6-933B-BF2A-3671-3E2EAC007D16}
		{A6E7E489-352C-4D08-8B0B-A1817A6B59E2} = {B2F1FAB9-C3ED-4481-AC42-8B7F6A991E29}
	EndGlobalSection
EndGlobal
